# This file is automatically @generated by Poetry 2.2.1 and should not be changed by hand.

[[package]]
name = "mariadb"
version = "1.1.14"
description = "Python MariaDB extension"
optional = false
python-versions = ">=3.8"
groups = ["main"]
files = [
    {file = "mariadb-1.1.14-cp310-cp310-win32.whl", hash = "sha256:4c7f33578da163a1b79929aae241f5f981d7b9d5a94d89e589aad7ec58e313ea"},
    {file = "mariadb-1.1.14-cp310-cp310-win_amd64.whl", hash = "sha256:3f6fdc4ded5e0500a6a29bf0c8bf1be94189dcef5a8d5e0e154a4b3456f86bcc"},
    {file = "mariadb-1.1.14-cp311-cp311-win32.whl", hash = "sha256:932a95016b7e9b8d78893aa5ee608e74199e3c6dd607dbe5e4da2010a4f67b88"},
    {file = "mariadb-1.1.14-cp311-cp311-win_amd64.whl", hash = "sha256:55ddbe5272c292cbcb2968d87681b5d2b327e65646a015e324b8eeb804d14531"},
    {file = "mariadb-1.1.14-cp312-cp312-win32.whl", hash = "sha256:98d552a8bb599eceaa88f65002ad00bd88aeed160592c273a7e5c1d79ab733dd"},
    {file = "mariadb-1.1.14-cp312-cp312-win_amd64.whl", hash = "sha256:685a1ad2a24fd0aae1c4416fe0ac794adc84ab9209c8d0c57078f770d39731db"},
    {file = "mariadb-1.1.14-cp313-cp313-win32.whl", hash = "sha256:3d2c795cde606f4e12c0d73282b062433f414cae035675b0d81f2d65c9b79ac5"},
    {file = "mariadb-1.1.14-cp313-cp313-win_amd64.whl", hash = "sha256:7fd603c5cf23c47ef0d28fdc2b4b79919ee7f75d00ed070d3cd1054dcf816aeb"},
    {file = "mariadb-1.1.14-cp314-cp314-win32.whl", hash = "sha256:1a50b4612c0dd5b69690cebb34cef552a7f64dcadeb5aa91d70cd99bf01bc5b3"},
    {file = "mariadb-1.1.14-cp314-cp314-win_amd64.whl", hash = "sha256:6659725837e48fa6af05e20128fb525029f706f1921d5dbf639a25b2f80b9f93"},
    {file = "mariadb-1.1.14-cp39-cp39-win32.whl", hash = "sha256:0f5fc74023f2e479be159542633f8b5865fee18a36e5a6d4e262387b39a692ee"},
    {file = "mariadb-1.1.14-cp39-cp39-win_amd64.whl", hash = "sha256:5b514362ba3ad3ef7ada91bc8a8b3b4c0e5144efce96b5bffa3dbc46b8af7d7a"},
    {file = "mariadb-1.1.14.tar.gz", hash = "sha256:e6d702a53eccf20922e47f2f45cfb5c7a0c2c6c0a46e4ee2d8a80d0ff4a52f34"},
]

[package.dependencies]
packaging = "*"

[[package]]
name = "packaging"
version = "25.0"
description = "Core utilities for Python packages"
optional = false
python-versions = ">=3.8"
groups = ["main"]
files = [
    {file = "packaging-25.0-py3-none-any.whl", hash = "sha256:29572ef2b1f17581046b3a2227d5c611fb25ec70ca1ba8554b24b0e69331a484"},
    {file = "packaging-25.0.tar.gz", hash = "sha256:d443872c98d677bf60f6a1f2f8c1cb748e8fe762d2bf9d3148b5599295b0fc4f"},
]

[metadata]
lock-version = "2.1"
python-versions = ">=3.11"
content-hash = "6611c533645e79b6bb8c81e3d1da86af9157337af0eafd1e8851e60504821732"
